
Microsoft Visual Studio Solution File, Format Version 12.00
# Visual Studio Version 17
VisualStudioVersion = 17.1.32228.430
MinimumVisualStudioVersion = 10.0.40219.1
Project("{9A19103F-16F7-4668-BE54-9A1E7A4F7556}") = "ApplicationApi", "ApplicationApi.csproj", "{1ADFF807-1AD5-4FEA-9FF4-56D487DBC1BA}"
EndProject
Project("{FAE04EC0-301F-11D3-BF4B-00C04F79EFBC}") = "ApplicationApi.Models", "..\ApplicationApi.Models\ApplicationApi.Models.csproj", "{EEA8ABEA-C321-4E81-8AEF-9D6B83DE1D6B}"
EndProject
Project("{FAE04EC0-301F-11D3-BF4B-00C04F79EFBC}") = "ApplicationApi.Data", "..\ApplicationApi.Data\ApplicationApi.Data.csproj", "{F4F5713F-5E28-4EF5-8BD4-20D77052E580}"
EndProject
Global
	GlobalSection(SolutionConfigurationPlatforms) = preSolution
		Debug|Any CPU = Debug|Any CPU
		Release|Any CPU = Release|Any CPU
	EndGlobalSection
	GlobalSection(ProjectConfigurationPlatforms) = postSolution
		{1ADFF807-1AD5-4FEA-9FF4-56D487DBC1BA}.Debug|Any CPU.ActiveCfg = Debug|Any CPU
		{1ADFF807-1AD5-4FEA-9FF4-56D487DBC1BA}.Debug|Any CPU.Build.0 = Debug|Any CPU
		{1ADFF807-1AD5-4FEA-9FF4-56D487DBC1BA}.Release|Any CPU.ActiveCfg = Release|Any CPU
		{1ADFF807-1AD5-4FEA-9FF4-56D487DBC1BA}.Release|Any CPU.Build.0 = Release|Any CPU
		{EEA8ABEA-C321-4E81-8AEF-9D6B83DE1D6B}.Debug|Any CPU.ActiveCfg = Debug|Any CPU
		{EEA8ABEA-C321-4E81-8AEF-9D6B83DE1D6B}.Debug|Any CPU.Build.0 = Debug|Any CPU
		{EEA8ABEA-C321-4E81-8AEF-9D6B83DE1D6B}.Release|Any CPU.ActiveCfg = Release|Any CPU
		{EEA8ABEA-C321-4E81-8AEF-9D6B83DE1D6B}.Release|Any CPU.Build.0 = Release|Any CPU
		{F4F5713F-5E28-4EF5-8BD4-20D77052E580}.Debug|Any CPU.ActiveCfg = Debug|Any CPU
		{F4F5713F-5E28-4EF5-8BD4-20D77052E580}.Debug|Any CPU.Build.0 = Debug|Any CPU
		{F4F5713F-5E28-4EF5-8BD4-20D77052E580}.Release|Any CPU.ActiveCfg = Release|Any CPU
		{F4F5713F-5E28-4EF5-8BD4-20D77052E580}.Release|Any CPU.Build.0 = Release|Any CPU
	EndGlobalSection
	GlobalSection(SolutionProperties) = preSolution
		HideSolutionNode = FALSE
	EndGlobalSection
	GlobalSection(ExtensibilityGlobals) = postSolution
		SolutionGuid = {A45C2709-5DEF-4F6A-82EB-23E1F0B8A14F}
	EndGlobalSection
EndGlobal
